
Microsoft Visual Studio Solution File, Format Version 12.00
# Visual Studio Version 16
VisualStudioVersion = 16.0.29201.188
MinimumVisualStudioVersion = 10.0.40219.1
Project("{FAE04EC0-301F-11D3-BF4B-00C04F79EFBC}") = "Training", "Training\Training.csproj", "{9F93DF75-6A6E-4BF7-8EA8-3CD510A886C4}"
EndProject
Global
	GlobalSection(SolutionConfigurationPlatforms) = preSolution
		Debug|Any CPU = Debug|Any CPU
		Release|Any CPU = Release|Any CPU
	EndGlobalSection
	GlobalSection(ProjectConfigurationPlatforms) = postSolution
		{9F93DF75-6A6E-4BF7-8EA8-3CD510A886C4}.Debug|Any CPU.ActiveCfg = Debug|Any CPU
		{9F93DF75-6A6E-4BF7-8EA8-3CD510A886C4}.Debug|Any CPU.Build.0 = Debug|Any CPU
		{9F93DF75-6A6E-4BF7-8EA8-3CD510A886C4}.Release|Any CPU.ActiveCfg = Release|Any CPU
		{9F93DF75-6A6E-4BF7-8EA8-3CD510A886C4}.Release|Any CPU.Build.0 = Release|Any CPU
	EndGlobalSection
	GlobalSection(SolutionProperties) = preSolution
		HideSolutionNode = FALSE
	EndGlobalSection
	GlobalSection(ExtensibilityGlobals) = postSolution
		SolutionGuid = {B3125299-54ED-4B1C-ADAB-56539A218DAD}
	EndGlobalSection
EndGlobal
